
Microsoft Visual Studio Solution File, Format Version 12.00
# Visual Studio Version 17
VisualStudioVersion = 17.10.35013.160
MinimumVisualStudioVersion = 10.0.40219.1
Project("{FAE04EC0-301F-11D3-BF4B-00C04F79EFBC}") = "reservas-vuelos", "reservas-vuelos\reservas-vuelos.csproj", "{C33B5C71-5156-4A5E-8C17-123931EA207D}"
EndProject
Global
	GlobalSection(SolutionConfigurationPlatforms) = preSolution
		Debug|Any CPU = Debug|Any CPU
		Release|Any CPU = Release|Any CPU
	EndGlobalSection
	GlobalSection(ProjectConfigurationPlatforms) = postSolution
		{C33B5C71-5156-4A5E-8C17-123931EA207D}.Debug|Any CPU.ActiveCfg = Debug|Any CPU
		{C33B5C71-5156-4A5E-8C17-123931EA207D}.Debug|Any CPU.Build.0 = Debug|Any CPU
		{C33B5C71-5156-4A5E-8C17-123931EA207D}.Release|Any CPU.ActiveCfg = Release|Any CPU
		{C33B5C71-5156-4A5E-8C17-123931EA207D}.Release|Any CPU.Build.0 = Release|Any CPU
	EndGlobalSection
	GlobalSection(SolutionProperties) = preSolution
		HideSolutionNode = FALSE
	EndGlobalSection
	GlobalSection(ExtensibilityGlobals) = postSolution
		SolutionGuid = {E5FBC7C9-27CE-4712-813F-06B712A527C8}
	EndGlobalSection
EndGlobal
